{
  "name": "axiom-web-oracle",
  "lockfileVersion": 3,
  "requires": true,
  "packages": {
    "": {
      "name": "axiom-web-oracle",
      "dependencies": {
        "@bramus/specificity": "2.4.3",
        "css-select": "7.0.0",
        "domhandler": "6.0.1",
        "domutils": "4.0.2",
        "parse5": "8.0.1",
        "parse5-htmlparser2-tree-adapter": "8.0.1",
        "postcss": "8.5.29",
        "postcss-safe-parser": "7.1.0",
        "postcss-selector-parser": "7.1.6"
      }
    },
    "node_modules/@bramus/specificity": {
      "version": "2.4.3",
      "resolved": "https://registry.npmjs.org/@bramus/specificity/-/specificity-2.4.3.tgz",
      "integrity": "sha512-0GEz8qJWokkUVYQYRukmkSHIFNoBH8QTreeHrAFbvz1XFYc3Y+puhMs8PQ5x8GNugiC2l5jvDBXKLbBIByeSBw==",
      "license": "MIT",
      "dependencies": {
        "css-tree": "^3.2.1"
      },
      "bin": {
        "specificity": "bin/cli.js"
      }
    },
    "node_modules/boolbase": {
      "version": "2.0.0",
      "resolved": "https://registry.npmjs.org/boolbase/-/boolbase-2.0.0.tgz",
      "integrity": "sha512-DkVaaQHymRhpYEYo9x1oo7Q7B0Y6KJUsjm3c9eTyFDby4MHLBTwZ6ZDWBel5zrYxj1WsZgC5oLpiz+93MluXeA==",
      "license": "ISC",
      "engines": {
        "node": ">=20.19.0"
      },
      "funding": {
        "type": "github",
        "url": "https://github.com/sponsors/fb55"
      }
    },
    "node_modules/css-select": {
      "version": "7.0.0",
      "resolved": "https://registry.npmjs.org/css-select/-/css-select-7.0.0.tgz",
      "integrity": "sha512-snmjEVXy+1LnwXdxhYvTMj1d9tOh4HxkA1YmoayVBeeyR2C14Pum7fcxJIm4SswYspVy866eYNwlH6xC3/VH5g==",
      "license": "BSD-2-Clause",
      "dependencies": {
        "boolbase": "^2.0.0",
        "css-what": "^8.0.0",
        "domhandler": "^6.0.1",
        "domutils": "^4.0.2",
        "nth-check": "^3.0.1"
      },
      "engines": {
        "node": ">=20.19.0"
      },
      "funding": {
        "type": "github",
        "url": "https://github.com/sponsors/fb55"
      }
    },
    "node_modules/css-tree": {
      "version": "3.2.1",
      "resolved": "https://registry.npmjs.org/css-tree/-/css-tree-3.2.1.tgz",
      "integrity": "sha512-X7sjQzceUhu1u7Y/ylrRZFU2FS6LRiFVp6rKLPg23y3x3c3DOKAwuXGDp+PAGjh6CSnCjYeAul8pcT8bAl+lSA==",
      "license": "MIT",
      "dependencies": {
        "mdn-data": "2.27.1",
        "source-map-js": "^1.2.1"
      },
      "engines": {
        "node": "^10 || ^12.20.0 || ^14.13.0 || >=15.0.0"
      }
    },
    "node_modules/css-what": {
      "version": "8.0.0",
      "resolved": "https://registry.npmjs.org/css-what/-/css-what-8.0.0.tgz",
      "integrity": "sha512-DH0Bqq3DNp5tdOReuNyAA+Ev4Y2GS5FMbZpeTLP6C4CDi0h5nL0BmUPChXw3o/qbHLDWHl49sbNqQVY7bMSDdw==",
      "license": "BSD-2-Clause",
      "engines": {
        "node": ">=20.19.0"
      },
      "funding": {
        "type": "github",
        "url": "https://github.com/sponsors/fb55"
      }
    },
    "node_modules/cssesc": {
      "version": "3.0.0",
      "resolved": "https://registry.npmjs.org/cssesc/-/cssesc-3.0.0.tgz",
      "integrity": "sha512-/Tb/JcjK111nNScGob5MNtsntNM1aCNUDipB/TkwZFhyDrrE47SOx/18wF2bbjgc3ZzCSKW1T5nt5EbFoAz/Vg==",
      "license": "MIT",
      "bin": {
        "cssesc": "bin/cssesc"
      },
      "engines": {
        "node": ">=4"
      }
    },
    "node_modules/dom-serializer": {
      "version": "3.1.1",
      "resolved": "https://registry.npmjs.org/dom-serializer/-/dom-serializer-3.1.1.tgz",
      "integrity": "sha512-4MEa38/QexBob6gFNwu+EGdWvhJ1OKuNwdYY3Y3NyeWDQfnGeDYQUDfIRzWu5B5gsv03so2Uxd28YC6zrsx3Lw==",
      "license": "MIT",
      "dependencies": {
        "domelementtype": "^3.0.0",
        "domhandler": "^6.0.0",
        "entities": "^8.0.0"
      },
      "engines": {
        "node": ">=20.19.0"
      },
      "funding": {
        "type": "github",
        "url": "https://github.com/cheeriojs/dom-serializer?sponsor=1"
      }
    },
    "node_modules/domelementtype": {
      "version": "3.0.0",
      "resolved": "https://registry.npmjs.org/domelementtype/-/domelementtype-3.0.0.tgz",
      "integrity": "sha512-umCQid3jKbDmVjx8jGaW7uUykm4DEUeyV21hPxNMo2nV955DhUThwqyOIDtreepP31hl84X7G5U9ZfsWvIB3Pg==",
      "funding": [
        {
          "type": "github",
          "url": "https://github.com/sponsors/fb55"
        }
      ],
      "license": "BSD-2-Clause",
      "engines": {
        "node": ">=20.19.0"
      }
    },
    "node_modules/domhandler": {
      "version": "6.0.1",
      "resolved": "https://registry.npmjs.org/domhandler/-/domhandler-6.0.1.tgz",
      "integrity": "sha512-gYzvtM72ZtxQO0T048kd6HWSbbGCNOUwcnfQ01cqIJ4X2IYKFFHZ5mKvrQETcFXxsRObZulDaKmy//R7TPtsBg==",
      "license": "BSD-2-Clause",
      "dependencies": {
        "domelementtype": "^3.0.0"
      },
      "engines": {
        "node": ">=20.19.0"
      },
      "funding": {
        "type": "github",
        "url": "https://github.com/fb55/domhandler?sponsor=1"
      }
    },
    "node_modules/domutils": {
      "version": "4.0.2",
      "resolved": "https://registry.npmjs.org/domutils/-/domutils-4.0.2.tgz",
      "integrity": "sha512-qI4JLRKnSzqFqr7hAlS5xQDusBCjKSEG4t4+7aNrIQMHBcsC2TGEhuyABJdYkgSewL57PNLYEiibY2iPKhKpaA==",
      "license": "BSD-2-Clause",
      "dependencies": {
        "dom-serializer": "^3.0.0",
        "domelementtype": "^3.0.0",
        "domhandler": "^6.0.0"
      },
      "engines": {
        "node": ">=20.19.0"
      },
      "funding": {
        "type": "github",
        "url": "https://github.com/fb55/domutils?sponsor=1"
      }
    },
    "node_modules/entities": {
      "version": "8.1.0",
      "resolved": "https://registry.npmjs.org/entities/-/entities-8.1.0.tgz",
      "integrity": "sha512-kxL7msIffSuh9aaFAMD7rxAIuTRMAHMeBtgHW2yUdWw732ZNh4MehkF2gdjvtdmikkaIP9bFDDJOPlsvm7avrA==",
      "license": "BSD-2-Clause",
      "engines": {
        "node": ">=20.19.0"
      },
      "funding": {
        "url": "https://github.com/fb55/entities?sponsor=1"
      }
    },
    "node_modules/mdn-data": {
      "version": "2.27.1",
      "resolved": "https://registry.npmjs.org/mdn-data/-/mdn-data-2.27.1.tgz",
      "integrity": "sha512-9Yubnt3e8A0OKwxYSXyhLymGW4sCufcLG6VdiDdUGVkPhpqLxlvP5vl1983gQjJl3tqbrM731mjaZaP68AgosQ==",
      "license": "CC0-1.0"
    },
    "node_modules/nanoid": {
      "version": "3.3.20",
      "resolved": "https://registry.npmjs.org/nanoid/-/nanoid-3.3.20.tgz",
      "integrity": "sha512-uKdg2G3GNCKQn9byYOpxbGqrT2fGO5KRt5J/8b3pok8rT6qxGWF6hxMyJiEYtAf+FVyYuD9hRaDqX5uPFYJ4ZQ==",
      "funding": [
        {
          "type": "github",
          "url": "https://github.com/sponsors/ai"
        }
      ],
      "license": "MIT",
      "bin": {
        "nanoid": "bin/nanoid.cjs"
      },
      "engines": {
        "node": "^10 || ^12 || ^13.7 || ^14 || >=15.0.1"
      }
    },
    "node_modules/nth-check": {
      "version": "3.0.1",
      "resolved": "https://registry.npmjs.org/nth-check/-/nth-check-3.0.1.tgz",
      "integrity": "sha512-GX0gsdbGVCgnRgbeGaubfjpBXyYRWOOCVeYh08bSQvDZqxz5ndXs1OTfAt/h36G1xvI94YIspsI0sVFqAV9+RQ==",
      "license": "BSD-2-Clause",
      "dependencies": {
        "boolbase": "^2.0.0"
      },
      "engines": {
        "node": ">=20.19.0"
      },
      "funding": {
        "type": "github",
        "url": "https://github.com/fb55/nth-check?sponsor=1"
      }
    },
    "node_modules/parse5": {
      "version": "8.0.1",
      "resolved": "https://registry.npmjs.org/parse5/-/parse5-8.0.1.tgz",
      "integrity": "sha512-z1e/HMG90obSGeidlli3hj7cbocou0/wa5HacvI3ASx34PecNjNQeaHNo5WIZpWofN9kgkqV1q5YvXe3F0FoPw==",
      "license": "MIT",
      "dependencies": {
        "entities": "^8.0.0"
      },
      "funding": {
        "url": "https://github.com/inikulin/parse5?sponsor=1"
      }
    },
    "node_modules/parse5-htmlparser2-tree-adapter": {
      "version": "8.0.1",
      "resolved": "https://registry.npmjs.org/parse5-htmlparser2-tree-adapter/-/parse5-htmlparser2-tree-adapter-8.0.1.tgz",
      "integrity": "sha512-aqkH+xQxX+QGZtP5GIMmqqp16Y0v9muEf2VVeypv35kFsD5bqP1UeBanSshdfjMY+RTh2vN4mmK6nEOVRMEvHg==",
      "license": "MIT",
      "dependencies": {
        "domhandler": "^6.0.1",
        "parse5": "^8.0.0"
      },
      "funding": {
        "url": "https://github.com/inikulin/parse5?sponsor=1"
      }
    },
    "node_modules/picocolors": {
      "version": "1.1.1",
      "resolved": "https://registry.npmjs.org/picocolors/-/picocolors-1.1.1.tgz",
      "integrity": "sha512-xceH2snhtb5M9liqDsmEw56le376mTZkEX/jEb/RxNFyegNul7eNslCXP9FDj/Lcu0X8KEyMceP2ntpaHrDEVA==",
      "license": "ISC"
    },
    "node_modules/postcss": {
      "version": "8.5.29",
      "resolved": "https://registry.npmjs.org/postcss/-/postcss-8.5.29.tgz",
      "integrity": "sha512-49cGhUbXj8Qenv0iTMxA1cFBzxXoctpC9Ujd77t1WcbJIr6nF/eI7g/8MgxrYldFRuAXvja7xQRwavoW7kgrxQ==",
      "funding": [
        {
          "type": "opencollective",
          "url": "https://opencollective.com/postcss/"
        },
        {
          "type": "tidelift",
          "url": "https://tidelift.com/funding/github/npm/postcss"
        },
        {
          "type": "github",
          "url": "https://github.com/sponsors/ai"
        }
      ],
      "license": "MIT",
      "dependencies": {
        "nanoid": "^3.3.19",
        "picocolors": "^1.1.1",
        "source-map-js": "^1.2.2"
      },
      "engines": {
        "node": "^10 || ^12 || >=14"
      }
    },
    "node_modules/postcss-safe-parser": {
      "version": "7.1.0",
      "resolved": "https://registry.npmjs.org/postcss-safe-parser/-/postcss-safe-parser-7.1.0.tgz",
      "integrity": "sha512-1WzZxRLaAFwEh6Do+zyGpjWV3nGJNxxhuh7Ubu/q1ICImMgZJnLwhoaEpRbG4pJppp2Y1ncL9ffA2f+LhrefQg==",
      "funding": [
        {
          "type": "opencollective",
          "url": "https://opencollective.com/postcss/"
        },
        {
          "type": "tidelift",
          "url": "https://tidelift.com/funding/github/npm/postcss-safe-parser"
        },
        {
          "type": "github",
          "url": "https://github.com/sponsors/ai"
        }
      ],
      "license": "MIT",
      "engines": {
        "node": ">=18.0"
      },
      "peerDependencies": {
        "postcss": "^8.4.31"
      }
    },
    "node_modules/postcss-selector-parser": {
      "version": "7.1.6",
      "resolved": "https://registry.npmjs.org/postcss-selector-parser/-/postcss-selector-parser-7.1.6.tgz",
      "integrity": "sha512-7qASPzhKF2l2KLboRZux8CCTRMdGiV08vWmyKzPz22qZ7ZjQBOeY7rNzNoCLSUiftJ7HUq0GERHmxw/t0dCdMw==",
      "license": "MIT",
      "dependencies": {
        "cssesc": "^3.0.0",
        "util-deprecate": "^1.0.2"
      },
      "engines": {
        "node": ">=4"
      }
    },
    "node_modules/source-map-js": {
      "version": "1.2.2",
      "resolved": "https://registry.npmjs.org/source-map-js/-/source-map-js-1.2.2.tgz",
      "integrity": "sha512-KGj/8Y43x35aZVDtt+J4mK1hoLGHULMYfSkODJNQjNDC3oW1PqPoxMwo0pLUsWM/UEGzON/NxeHywEfNXNP3Vw==",
      "license": "BSD-3-Clause",
      "engines": {
        "node": ">=0.10.0"
      }
    },
    "node_modules/util-deprecate": {
      "version": "1.0.2",
      "resolved": "https://registry.npmjs.org/util-deprecate/-/util-deprecate-1.0.2.tgz",
      "integrity": "sha512-EPD5q1uXyFxJpCrLnCc1nHnq3gOa6DZBocAIiI2TaSCA7VCJ1UJDMagCzIkXNsUYfD1daK//LTEQ8xiIbrHtcw==",
      "license": "MIT"
    }
  }
}
