{
  "name": "wiring-sample",
  "lockfileVersion": 3,
  "packages": {
    "node_modules/debug": {
      "version": "4.3.4",
      "dependencies": {
        "ms": "2.1.2"
      }
    },
    "node_modules/fsevents": {
      "version": "2.3.3",
      "optional": true
    }
  },
  "dependencies": {
    "debug": "^4.1.0"
  }
}
